
Microsoft Visual Studio Solution File, Format Version 12.00
# Visual Studio Version 16
VisualStudioVersion = 25.0.1705.0
MinimumVisualStudioVersion = 10.0.40219.1
Project("{FAE04EC0-301F-11D3-BF4B-00C04F79EFBC}") = "FirstTask", "FirstTask\FirstTask.csproj", "{DEF92457-E331-4D34-9C0C-EE7A391622A3}"
EndProject
Global
	GlobalSection(SolutionConfigurationPlatforms) = preSolution
		Debug|Any CPU = Debug|Any CPU
		Release|Any CPU = Release|Any CPU
	EndGlobalSection
	GlobalSection(ProjectConfigurationPlatforms) = postSolution
		{DEF92457-E331-4D34-9C0C-EE7A391622A3}.Debug|Any CPU.ActiveCfg = Debug|Any CPU
		{DEF92457-E331-4D34-9C0C-EE7A391622A3}.Debug|Any CPU.Build.0 = Debug|Any CPU
		{DEF92457-E331-4D34-9C0C-EE7A391622A3}.Release|Any CPU.ActiveCfg = Release|Any CPU
		{DEF92457-E331-4D34-9C0C-EE7A391622A3}.Release|Any CPU.Build.0 = Release|Any CPU
	EndGlobalSection
	GlobalSection(SolutionProperties) = preSolution
		HideSolutionNode = FALSE
	EndGlobalSection
	GlobalSection(ExtensibilityGlobals) = postSolution
		SolutionGuid = {74DA5C3D-7CFE-4B60-88B6-E72248250EF4}
	EndGlobalSection
EndGlobal
